// !$*UTF8*$!
{
	archiveVersion = 1;
	classes = {
	};
	objectVersion = 56;
	objects = {

/* Begin PBXBuildFile section */
		821F31DE2AF81EF100A6B8AB /* LandmarksApp.swift in Sources */ = {isa = PBXBuildFile; fileRef = 821F31DD2AF81EF100A6B8AB /* LandmarksApp.swift */; };
		821F31E02AF81EF100A6B8AB /* ContentView.swift in Sources */ = {isa = PBXBuildFile; fileRef = 821F31DF2AF81EF100A6B8AB /* ContentView.swift */; };
		821F31E22AF81EF200A6B8AB /* Assets.xcassets in Resources */ = {isa = PBXBuildFile; fileRef = 821F31E12AF81EF200A6B8AB /* Assets.xcassets */; };
		821F31E52AF81EF200A6B8AB /* Preview Assets.xcassets in Resources */ = {isa = PBXBuildFile; fileRef = 821F31E42AF81EF200A6B8AB /* Preview Assets.xcassets */; };
		821F31EF2AF81EF200A6B8AB /* LandmarksTests.swift in Sources */ = {isa = PBXBuildFile; fileRef = 821F31EE2AF81EF200A6B8AB /* LandmarksTests.swift */; };
		821F31F92AF81EF200A6B8AB /* LandmarksUITests.swift in Sources */ = {isa = PBXBuildFile; fileRef = 821F31F82AF81EF200A6B8AB /* LandmarksUITests.swift */; };
		821F31FB2AF81EF200A6B8AB /* LandmarksUITestsLaunchTests.swift in Sources */ = {isa = PBXBuildFile; fileRef = 821F31FA2AF81EF200A6B8AB /* LandmarksUITestsLaunchTests.swift */; };
		82A9997B2B07CB2C00ADC1CD /* CircleImage.swift in Sources */ = {isa = PBXBuildFile; fileRef = 82A9997A2B07CB2C00ADC1CD /* CircleImage.swift */; };
		82A9997F2B0A67F500ADC1CD /* MapView.swift in Sources */ = {isa = PBXBuildFile; fileRef = 82A9997E2B0A67F500ADC1CD /* MapView.swift */; };
		82A999832B0A6E2100ADC1CD /* landmarkData.json in Resources */ = {isa = PBXBuildFile; fileRef = 82A999822B0A6E2100ADC1CD /* landmarkData.json */; };
		82A999852B0A6E6D00ADC1CD /* Landmark.swift in Sources */ = {isa = PBXBuildFile; fileRef = 82A999842B0A6E6D00ADC1CD /* Landmark.swift */; };
		82A999872B0A71A200ADC1CD /* ModelData.swift in Sources */ = {isa = PBXBuildFile; fileRef = 82A999862B0A71A200ADC1CD /* ModelData.swift */; };
		82A9998D2B0A74B800ADC1CD /* LandmarkRow.swift in Sources */ = {isa = PBXBuildFile; fileRef = 82A9998C2B0A74B800ADC1CD /* LandmarkRow.swift */; };
/* End PBXBuildFile section */

/* Begin PBXContainerItemProxy section */
		821F31EB2AF81EF200A6B8AB /* PBXContainerItemProxy */ = {
			isa = PBXContainerItemProxy;
			containerPortal = 821F31D22AF81EF100A6B8AB /* Project object */;
			proxyType = 1;
			remoteGlobalIDString = 821F31D92AF81EF100A6B8AB;
			remoteInfo = Landmarks;
		};
		821F31F52AF81EF200A6B8AB /* PBXContainerItemProxy */ = {
			isa = PBXContainerItemProxy;
			containerPortal = 821F31D22AF81EF100A6B8AB /* Project object */;
			proxyType = 1;
			remoteGlobalIDString = 821F31D92AF81EF100A6B8AB;
			remoteInfo = Landmarks;
		};
/* End PBXContainerItemProxy section */

/* Begin PBXFileReference section */
		821F31DA2AF81EF100A6B8AB /* Landmarks.app */ = {isa = PBXFileReference; explicitFileType = wrapper.application; includeInIndex = 0; path = Landmarks.app; sourceTree = BUILT_PRODUCTS_DIR; };
		821F31DD2AF81EF100A6B8AB /* LandmarksApp.swift */ = {isa = PBXFileReference; lastKnownFileType = sourcecode.swift; path = LandmarksApp.swift; sourceTree = "<group>"; };
		821F31DF2AF81EF100A6B8AB /* ContentView.swift */ = {isa = PBXFileReference; lastKnownFileType = sourcecode.swift; path = ContentView.swift; sourceTree = "<group>"; };
		821F31E12AF81EF200A6B8AB /* Assets.xcassets */ = {isa = PBXFileReference; lastKnownFileType = folder.assetcatalog; path = Assets.xcassets; sourceTree = "<group>"; };
		821F31E42AF81EF200A6B8AB /* Preview Assets.xcassets */ = {isa = PBXFileReference; lastKnownFileType = folder.assetcatalog; path = "Preview Assets.xcassets"; sourceTree = "<group>"; };
		821F31EA2AF81EF200A6B8AB /* LandmarksTests.xctest */ = {isa = PBXFileReference; explicitFileType = wrapper.cfbundle; includeInIndex = 0; path = LandmarksTests.xctest; sourceTree = BUILT_PRODUCTS_DIR; };
		821F31EE2AF81EF200A6B8AB /* LandmarksTests.swift */ = {isa = PBXFileReference; lastKnownFileType = sourcecode.swift; path = LandmarksTests.swift; sourceTree = "<group>"; };
		821F31F42AF81EF200A6B8AB /* LandmarksUITests.xctest */ = {isa = PBXFileReference; explicitFileType = wrapper.cfbundle; includeInIndex = 0; path = LandmarksUITests.xctest; sourceTree = BUILT_PRODUCTS_DIR; };
		821F31F82AF81EF200A6B8AB /* LandmarksUITests.swift */ = {isa = PBXFileReference; lastKnownFileType = sourcecode.swift; path = LandmarksUITests.swift; sourceTree = "<group>"; };
		821F31FA2AF81EF200A6B8AB /* LandmarksUITestsLaunchTests.swift */ = {isa = PBXFileReference; lastKnownFileType = sourcecode.swift; path = LandmarksUITestsLaunchTests.swift; sourceTree = "<group>"; };
		82A9997A2B07CB2C00ADC1CD /* CircleImage.swift */ = {isa = PBXFileReference; lastKnownFileType = sourcecode.swift; path = CircleImage.swift; sourceTree = "<group>"; };
		82A9997E2B0A67F500ADC1CD /* MapView.swift */ = {isa = PBXFileReference; lastKnownFileType = sourcecode.swift; path = MapView.swift; sourceTree = "<group>"; };
		82A999822B0A6E2100ADC1CD /* landmarkData.json */ = {isa = PBXFileReference; fileEncoding = 4; lastKnownFileType = text.json; path = landmarkData.json; sourceTree = "<group>"; };
		82A999842B0A6E6D00ADC1CD /* Landmark.swift */ = {isa = PBXFileReference; lastKnownFileType = sourcecode.swift; path = Landmark.swift; sourceTree = "<group>"; };
		82A999862B0A71A200ADC1CD /* ModelData.swift */ = {isa = PBXFileReference; lastKnownFileType = sourcecode.swift; path = ModelData.swift; sourceTree = "<group>"; };
		82A9998C2B0A74B800ADC1CD /* LandmarkRow.swift */ = {isa = PBXFileReference; lastKnownFileType = sourcecode.swift; path = LandmarkRow.swift; sourceTree = "<group>"; };
/* End PBXFileReference section */

/* Begin PBXFrameworksBuildPhase section */
		821F31D72AF81EF100A6B8AB /* Frameworks */ = {
			isa = PBXFrameworksBuildPhase;
			buildActionMask = 2147483647;
			files = (
			);
			runOnlyForDeploymentPostprocessing = 0;
		};
		821F31E72AF81EF200A6B8AB /* Frameworks */ = {
			isa = PBXFrameworksBuildPhase;
			buildActionMask = 2147483647;
			files = (
			);
			runOnlyForDeploymentPostprocessing = 0;
		};
		821F31F12AF81EF200A6B8AB /* Frameworks */ = {
			isa = PBXFrameworksBuildPhase;
			buildActionMask = 2147483647;
			files = (
			);
			runOnlyForDeploymentPostprocessing = 0;
		};
/* End PBXFrameworksBuildPhase section */

/* Begin PBXGroup section */
		821F31D12AF81EF100A6B8AB = {
			isa = PBXGroup;
			children = (
				821F31DC2AF81EF100A6B8AB /* Landmarks */,
				821F31ED2AF81EF200A6B8AB /* LandmarksTests */,
				821F31F72AF81EF200A6B8AB /* LandmarksUITests */,
				821F31DB2AF81EF100A6B8AB /* Products */,
			);
			sourceTree = "<group>";
		};
		821F31DB2AF81EF100A6B8AB /* Products */ = {
			isa = PBXGroup;
			children = (
				821F31DA2AF81EF100A6B8AB /* Landmarks.app */,
				821F31EA2AF81EF200A6B8AB /* LandmarksTests.xctest */,
				821F31F42AF81EF200A6B8AB /* LandmarksUITests.xctest */,
			);
			name = Products;
			sourceTree = "<group>";
		};
		821F31DC2AF81EF100A6B8AB /* Landmarks */ = {
			isa = PBXGroup;
			children = (
				821F31DD2AF81EF100A6B8AB /* LandmarksApp.swift */,
				82A9998A2B0A73E700ADC1CD /* Views */,
				82A999892B0A73D500ADC1CD /* Models */,
				82A9998B2B0A743200ADC1CD /* Resources */,
				821F31E12AF81EF200A6B8AB /* Assets.xcassets */,
				821F31E32AF81EF200A6B8AB /* Preview Content */,
			);
			path = Landmarks;
			sourceTree = "<group>";
		};
		821F31E32AF81EF200A6B8AB /* Preview Content */ = {
			isa = PBXGroup;
			children = (
				821F31E42AF81EF200A6B8AB /* Preview Assets.xcassets */,
			);
			path = "Preview Content";
			sourceTree = "<group>";
		};
		821F31ED2AF81EF200A6B8AB /* LandmarksTests */ = {
			isa = PBXGroup;
			children = (
				821F31EE2AF81EF200A6B8AB /* LandmarksTests.swift */,
			);
			path = LandmarksTests;
			sourceTree = "<group>";
		};
		821F31F72AF81EF200A6B8AB /* LandmarksUITests */ = {
			isa = PBXGroup;
			children = (
				821F31F82AF81EF200A6B8AB /* LandmarksUITests.swift */,
				821F31FA2AF81EF200A6B8AB /* LandmarksUITestsLaunchTests.swift */,
			);
			path = LandmarksUITests;
			sourceTree = "<group>";
		};
		82A999892B0A73D500ADC1CD /* Models */ = {
			isa = PBXGroup;
			children = (
				82A999862B0A71A200ADC1CD /* ModelData.swift */,
				82A999842B0A6E6D00ADC1CD /* Landmark.swift */,
			);
			path = Models;
			sourceTree = "<group>";
		};
		82A9998A2B0A73E700ADC1CD /* Views */ = {
			isa = PBXGroup;
			children = (
				821F31DF2AF81EF100A6B8AB /* ContentView.swift */,
				82A9997A2B07CB2C00ADC1CD /* CircleImage.swift */,
				82A9997E2B0A67F500ADC1CD /* MapView.swift */,
				82A9998C2B0A74B800ADC1CD /* LandmarkRow.swift */,
			);
			path = Views;
			sourceTree = "<group>";
		};
		82A9998B2B0A743200ADC1CD /* Resources */ = {
			isa = PBXGroup;
			children = (
				82A999822B0A6E2100ADC1CD /* landmarkData.json */,
			);
			path = Resources;
			sourceTree = "<group>";
		};
/* End PBXGroup section */

/* Begin PBXNativeTarget section */
		821F31D92AF81EF100A6B8AB /* Landmarks */ = {
			isa = PBXNativeTarget;
			buildConfigurationList = 821F31FE2AF81EF200A6B8AB /* Build configuration list for PBXNativeTarget "Landmarks" */;
			buildPhases = (
				821F31D62AF81EF100A6B8AB /* Sources */,
				821F31D72AF81EF100A6B8AB /* Frameworks */,
				821F31D82AF81EF100A6B8AB /* Resources */,
			);
			buildRules = (
			);
			dependencies = (
			);
			name = Landmarks;
			productName = Landmarks;
			productReference = 821F31DA2AF81EF100A6B8AB /* Landmarks.app */;
			productType = "com.apple.product-type.application";
		};
		821F31E92AF81EF200A6B8AB /* LandmarksTests */ = {
			isa = PBXNativeTarget;
			buildConfigurationList = 821F32012AF81EF200A6B8AB /* Build configuration list for PBXNativeTarget "LandmarksTests" */;
			buildPhases = (
				821F31E62AF81EF200A6B8AB /* Sources */,
				821F31E72AF81EF200A6B8AB /* Frameworks */,
				821F31E82AF81EF200A6B8AB /* Resources */,
			);
			buildRules = (
			);
			dependencies = (
				821F31EC2AF81EF200A6B8AB /* PBXTargetDependency */,
			);
			name = LandmarksTests;
			productName = LandmarksTests;
			productReference = 821F31EA2AF81EF200A6B8AB /* LandmarksTests.xctest */;
			productType = "com.apple.product-type.bundle.unit-test";
		};
		821F31F32AF81EF200A6B8AB /* LandmarksUITests */ = {
			isa = PBXNativeTarget;
			buildConfigurationList = 821F32042AF81EF200A6B8AB /* Build configuration list for PBXNativeTarget "LandmarksUITests" */;
			buildPhases = (
				821F31F02AF81EF200A6B8AB /* Sources */,
				821F31F12AF81EF200A6B8AB /* Frameworks */,
				821F31F22AF81EF200A6B8AB /* Resources */,
			);
			buildRules = (
			);
			dependencies = (
				821F31F62AF81EF200A6B8AB /* PBXTargetDependency */,
			);
			name = LandmarksUITests;
			productName = LandmarksUITests;
			productReference = 821F31F42AF81EF200A6B8AB /* LandmarksUITests.xctest */;
			productType = "com.apple.product-type.bundle.ui-testing";
		};
/* End PBXNativeTarget section */

/* Begin PBXProject section */
		821F31D22AF81EF100A6B8AB /* Project object */ = {
			isa = PBXProject;
			attributes = {
				BuildIndependentTargetsInParallel = 1;
				LastSwiftUpdateCheck = 1500;
				LastUpgradeCheck = 1500;
				TargetAttributes = {
					821F31D92AF81EF100A6B8AB = {
						CreatedOnToolsVersion = 15.0.1;
					};
					821F31E92AF81EF200A6B8AB = {
						CreatedOnToolsVersion = 15.0.1;
						TestTargetID = 821F31D92AF81EF100A6B8AB;
					};
					821F31F32AF81EF200A6B8AB = {
						CreatedOnToolsVersion = 15.0.1;
						TestTargetID = 821F31D92AF81EF100A6B8AB;
					};
				};
			};
			buildConfigurationList = 821F31D52AF81EF100A6B8AB /* Build configuration list for PBXProject "Landmarks" */;
			compatibilityVersion = "Xcode 14.0";
			developmentRegion = en;
			hasScannedForEncodings = 0;
			knownRegions = (
				en,
				Base,
			);
			mainGroup = 821F31D12AF81EF100A6B8AB;
			productRefGroup = 821F31DB2AF81EF100A6B8AB /* Products */;
			projectDirPath = "";
			projectRoot = "";
			targets = (
				821F31D92AF81EF100A6B8AB /* Landmarks */,
				821F31E92AF81EF200A6B8AB /* LandmarksTests */,
				821F31F32AF81EF200A6B8AB /* LandmarksUITests */,
			);
		};
/* End PBXProject section */

/* Begin PBXResourcesBuildPhase section */
		821F31D82AF81EF100A6B8AB /* Resources */ = {
			isa = PBXResourcesBuildPhase;
			buildActionMask = 2147483647;
			files = (
				821F31E52AF81EF200A6B8AB /* Preview Assets.xcassets in Resources */,
				821F31E22AF81EF200A6B8AB /* Assets.xcassets in Resources */,
				82A999832B0A6E2100ADC1CD /* landmarkData.json in Resources */,
			);
			runOnlyForDeploymentPostprocessing = 0;
		};
		821F31E82AF81EF200A6B8AB /* Resources */ = {
			isa = PBXResourcesBuildPhase;
			buildActionMask = 2147483647;
			files = (
			);
			runOnlyForDeploymentPostprocessing = 0;
		};
		821F31F22AF81EF200A6B8AB /* Resources */ = {
			isa = PBXResourcesBuildPhase;
			buildActionMask = 2147483647;
			files = (
			);
			runOnlyForDeploymentPostprocessing = 0;
		};
/* End PBXResourcesBuildPhase section */

/* Begin PBXSourcesBuildPhase section */
		821F31D62AF81EF100A6B8AB /* Sources */ = {
			isa = PBXSourcesBuildPhase;
			buildActionMask = 2147483647;
			files = (
				821F31E02AF81EF100A6B8AB /* ContentView.swift in Sources */,
				82A9997F2B0A67F500ADC1CD /* MapView.swift in Sources */,
				821F31DE2AF81EF100A6B8AB /* LandmarksApp.swift in Sources */,
				82A9997B2B07CB2C00ADC1CD /* CircleImage.swift in Sources */,
				82A999852B0A6E6D00ADC1CD /* Landmark.swift in Sources */,
				82A9998D2B0A74B800ADC1CD /* LandmarkRow.swift in Sources */,
				82A999872B0A71A200ADC1CD /* ModelData.swift in Sources */,
			);
			runOnlyForDeploymentPostprocessing = 0;
		};
		821F31E62AF81EF200A6B8AB /* Sources */ = {
			isa = PBXSourcesBuildPhase;
			buildActionMask = 2147483647;
			files = (
				821F31EF2AF81EF200A6B8AB /* LandmarksTests.swift in Sources */,
			);
			runOnlyForDeploymentPostprocessing = 0;
		};
		821F31F02AF81EF200A6B8AB /* Sources */ = {
			isa = PBXSourcesBuildPhase;
			buildActionMask = 2147483647;
			files = (
				821F31FB2AF81EF200A6B8AB /* LandmarksUITestsLaunchTests.swift in Sources */,
				821F31F92AF81EF200A6B8AB /* LandmarksUITests.swift in Sources */,
			);
			runOnlyForDeploymentPostprocessing = 0;
		};
/* End PBXSourcesBuildPhase section */

/* Begin PBXTargetDependency section */
		821F31EC2AF81EF200A6B8AB /* PBXTargetDependency */ = {
			isa = PBXTargetDependency;
			target = 821F31D92AF81EF100A6B8AB /* Landmarks */;
			targetProxy = 821F31EB2AF81EF200A6B8AB /* PBXContainerItemProxy */;
		};
		821F31F62AF81EF200A6B8AB /* PBXTargetDependency */ = {
			isa = PBXTargetDependency;
			target = 821F31D92AF81EF100A6B8AB /* Landmarks */;
			targetProxy = 821F31F52AF81EF200A6B8AB /* PBXContainerItemProxy */;
		};
/* End PBXTargetDependency section */

/* Begin XCBuildConfiguration section */
		821F31FC2AF81EF200A6B8AB /* Debug */ = {
			isa = XCBuildConfiguration;
			buildSettings = {
				ALWAYS_SEARCH_USER_PATHS = NO;
				ASSETCATALOG_COMPILER_GENERATE_SWIFT_ASSET_SYMBOL_EXTENSIONS = YES;
				CLANG_ANALYZER_NONNULL = YES;
				CLANG_ANALYZER_NUMBER_OBJECT_CONVERSION = YES_AGGRESSIVE;
				CLANG_CXX_LANGUAGE_STANDARD = "gnu++20";
				CLANG_ENABLE_MODULES = YES;
				CLANG_ENABLE_OBJC_ARC = YES;
				CLANG_ENABLE_OBJC_WEAK = YES;
				CLANG_WARN_BLOCK_CAPTURE_AUTORELEASING = YES;
				CLANG_WARN_BOOL_CONVERSION = YES;
				CLANG_WARN_COMMA = YES;
				CLANG_WARN_CONSTANT_CONVERSION = YES;
				CLANG_WARN_DEPRECATED_OBJC_IMPLEMENTATIONS = YES;
				CLANG_WARN_DIRECT_OBJC_ISA_USAGE = YES_ERROR;
				CLANG_WARN_DOCUMENTATION_COMMENTS = YES;
				CLANG_WARN_EMPTY_BODY = YES;
				CLANG_WARN_ENUM_CONVERSION = YES;
				CLANG_WARN_INFINITE_RECURSION = YES;
				CLANG_WARN_INT_CONVERSION = YES;
				CLANG_WARN_NON_LITERAL_NULL_CONVERSION = YES;
				CLANG_WARN_OBJC_IMPLICIT_RETAIN_SELF = YES;
				CLANG_WARN_OBJC_LITERAL_CONVERSION = YES;
				CLANG_WARN_OBJC_ROOT_CLASS = YES_ERROR;
				CLANG_WARN_QUOTED_INCLUDE_IN_FRAMEWORK_HEADER = YES;
				CLANG_WARN_RANGE_LOOP_ANALYSIS = YES;
				CLANG_WARN_STRICT_PROTOTYPES = YES;
				CLANG_WARN_SUSPICIOUS_MOVE = YES;
				CLANG_WARN_UNGUARDED_AVAILABILITY = YES_AGGRESSIVE;
				CLANG_WARN_UNREACHABLE_CODE = YES;
				CLANG_WARN__DUPLICATE_METHOD_MATCH = YES;
				COPY_PHASE_STRIP = NO;
				DEBUG_INFORMATION_FORMAT = dwarf;
				ENABLE_STRICT_OBJC_MSGSEND = YES;
				ENABLE_TESTABILITY = YES;
				ENABLE_USER_SCRIPT_SANDBOXING = YES;
				GCC_C_LANGUAGE_STANDARD = gnu17;
				GCC_DYNAMIC_NO_PIC = NO;
				GCC_NO_COMMON_BLOCKS = YES;
				GCC_OPTIMIZATION_LEVEL = 0;
				GCC_PREPROCESSOR_DEFINITIONS = (
					"DEBUG=1",
					"$(inherited)",
				);
				GCC_WARN_64_TO_32_BIT_CONVERSION = YES;
				GCC_WARN_ABOUT_RETURN_TYPE = YES_ERROR;
				GCC_WARN_UNDECLARED_SELECTOR = YES;
				GCC_WARN_UNINITIALIZED_AUTOS = YES_AGGRESSIVE;
				GCC_WARN_UNUSED_FUNCTION = YES;
				GCC_WARN_UNUSED_VARIABLE = YES;
				IPHONEOS_DEPLOYMENT_TARGET = 17.0;
				LOCALIZATION_PREFERS_STRING_CATALOGS = YES;
				MTL_ENABLE_DEBUG_INFO = INCLUDE_SOURCE;
				MTL_FAST_MATH = YES;
				ONLY_ACTIVE_ARCH = YES;
				SDKROOT = iphoneos;
				SWIFT_ACTIVE_COMPILATION_CONDITIONS = "DEBUG $(inherited)";
				SWIFT_OPTIMIZATION_LEVEL = "-Onone";
			};
			name = Debug;
		};
		821F31FD2AF81EF200A6B8AB /* Release */ = {
			isa = XCBuildConfiguration;
			buildSettings = {
				ALWAYS_SEARCH_USER_PATHS = NO;
				ASSETCATALOG_COMPILER_GENERATE_SWIFT_ASSET_SYMBOL_EXTENSIONS = YES;
				CLANG_ANALYZER_NONNULL = YES;
				CLANG_ANALYZER_NUMBER_OBJECT_CONVERSION = YES_AGGRESSIVE;
				CLANG_CXX_LANGUAGE_STANDARD = "gnu++20";
				CLANG_ENABLE_MODULES = YES;
				CLANG_ENABLE_OBJC_ARC = YES;
				CLANG_ENABLE_OBJC_WEAK = YES;
				CLANG_WARN_BLOCK_CAPTURE_AUTORELEASING = YES;
				CLANG_WARN_BOOL_CONVERSION = YES;
				CLANG_WARN_COMMA = YES;
				CLANG_WARN_CONSTANT_CONVERSION = YES;
				CLANG_WARN_DEPRECATED_OBJC_IMPLEMENTATIONS = YES;
				CLANG_WARN_DIRECT_OBJC_ISA_USAGE = YES_ERROR;
				CLANG_WARN_DOCUMENTATION_COMMENTS = YES;
				CLANG_WARN_EMPTY_BODY = YES;
				CLANG_WARN_ENUM_CONVERSION = YES;
				CLANG_WARN_INFINITE_RECURSION = YES;
				CLANG_WARN_INT_CONVERSION = YES;
				CLANG_WARN_NON_LITERAL_NULL_CONVERSION = YES;
				CLANG_WARN_OBJC_IMPLICIT_RETAIN_SELF = YES;
				CLANG_WARN_OBJC_LITERAL_CONVERSION = YES;
				CLANG_WARN_OBJC_ROOT_CLASS = YES_ERROR;
				CLANG_WARN_QUOTED_INCLUDE_IN_FRAMEWORK_HEADER = YES;
				CLANG_WARN_RANGE_LOOP_ANALYSIS = YES;
				CLANG_WARN_STRICT_PROTOTYPES = YES;
				CLANG_WARN_SUSPICIOUS_MOVE = YES;
				CLANG_WARN_UNGUARDED_AVAILABILITY = YES_AGGRESSIVE;
				CLANG_WARN_UNREACHABLE_CODE = YES;
				CLANG_WARN__DUPLICATE_METHOD_MATCH = YES;
				COPY_PHASE_STRIP = NO;
				DEBUG_INFORMATION_FORMAT = "dwarf-with-dsym";
				ENABLE_NS_ASSERTIONS = NO;
				ENABLE_STRICT_OBJC_MSGSEND = YES;
				ENABLE_USER_SCRIPT_SANDBOXING = YES;
				GCC_C_LANGUAGE_STANDARD = gnu17;
				GCC_NO_COMMON_BLOCKS = YES;
				GCC_WARN_64_TO_32_BIT_CONVERSION = YES;
				GCC_WARN_ABOUT_RETURN_TYPE = YES_ERROR;
				GCC_WARN_UNDECLARED_SELECTOR = YES;
				GCC_WARN_UNINITIALIZED_AUTOS = YES_AGGRESSIVE;
				GCC_WARN_UNUSED_FUNCTION = YES;
				GCC_WARN_UNUSED_VARIABLE = YES;
				IPHONEOS_DEPLOYMENT_TARGET = 17.0;
				LOCALIZATION_PREFERS_STRING_CATALOGS = YES;
				MTL_ENABLE_DEBUG_INFO = NO;
				MTL_FAST_MATH = YES;
				SDKROOT = iphoneos;
				SWIFT_COMPILATION_MODE = wholemodule;
				VALIDATE_PRODUCT = YES;
			};
			name = Release;
		};
		821F31FF2AF81EF200A6B8AB /* Debug */ = {
			isa = XCBuildConfiguration;
			buildSettings = {
				ASSETCATALOG_COMPILER_APPICON_NAME = AppIcon;
				ASSETCATALOG_COMPILER_GLOBAL_ACCENT_COLOR_NAME = AccentColor;
				CODE_SIGN_STYLE = Automatic;
				CURRENT_PROJECT_VERSION = 1;
				DEVELOPMENT_ASSET_PATHS = "\"Landmarks/Preview Content\"";
				ENABLE_PREVIEWS = YES;
				GENERATE_INFOPLIST_FILE = YES;
				INFOPLIST_KEY_UIApplicationSceneManifest_Generation = YES;
				INFOPLIST_KEY_UIApplicationSupportsIndirectInputEvents = YES;
				INFOPLIST_KEY_UILaunchScreen_Generation = YES;
				INFOPLIST_KEY_UISupportedInterfaceOrientations_iPad = "UIInterfaceOrientationPortrait UIInterfaceOrientationPortraitUpsideDown UIInterfaceOrientationLandscapeLeft UIInterfaceOrientationLandscapeRight";
				INFOPLIST_KEY_UISupportedInterfaceOrientations_iPhone = "UIInterfaceOrientationPortrait UIInterfaceOrientationLandscapeLeft UIInterfaceOrientationLandscapeRight";
				LD_RUNPATH_SEARCH_PATHS = (
					"$(inherited)",
					"@executable_path/Frameworks",
				);
				MARKETING_VERSION = 1.0;
				PRODUCT_BUNDLE_IDENTIFIER = kristytoman.Landmarks;
				PRODUCT_NAME = "$(TARGET_NAME)";
				SWIFT_EMIT_LOC_STRINGS = YES;
				SWIFT_VERSION = 5.0;
				TARGETED_DEVICE_FAMILY = "1,2";
			};
			name = Debug;
		};
		821F32002AF81EF200A6B8AB /* Release */ = {
			isa = XCBuildConfiguration;
			buildSettings = {
				ASSETCATALOG_COMPILER_APPICON_NAME = AppIcon;
				ASSETCATALOG_COMPILER_GLOBAL_ACCENT_COLOR_NAME = AccentColor;
				CODE_SIGN_STYLE = Automatic;
				CURRENT_PROJECT_VERSION = 1;
				DEVELOPMENT_ASSET_PATHS = "\"Landmarks/Preview Content\"";
				ENABLE_PREVIEWS = YES;
				GENERATE_INFOPLIST_FILE = YES;
				INFOPLIST_KEY_UIApplicationSceneManifest_Generation = YES;
				INFOPLIST_KEY_UIApplicationSupportsIndirectInputEvents = YES;
				INFOPLIST_KEY_UILaunchScreen_Generation = YES;
				INFOPLIST_KEY_UISupportedInterfaceOrientations_iPad = "UIInterfaceOrientationPortrait UIInterfaceOrientationPortraitUpsideDown UIInterfaceOrientationLandscapeLeft UIInterfaceOrientationLandscapeRight";
				INFOPLIST_KEY_UISupportedInterfaceOrientations_iPhone = "UIInterfaceOrientationPortrait UIInterfaceOrientationLandscapeLeft UIInterfaceOrientationLandscapeRight";
				LD_RUNPATH_SEARCH_PATHS = (
					"$(inherited)",
					"@executable_path/Frameworks",
				);
				MARKETING_VERSION = 1.0;
				PRODUCT_BUNDLE_IDENTIFIER = kristytoman.Landmarks;
				PRODUCT_NAME = "$(TARGET_NAME)";
				SWIFT_EMIT_LOC_STRINGS = YES;
				SWIFT_VERSION = 5.0;
				TARGETED_DEVICE_FAMILY = "1,2";
			};
			name = Release;
		};
		821F32022AF81EF200A6B8AB /* Debug */ = {
			isa = XCBuildConfiguration;
			buildSettings = {
				ALWAYS_EMBED_SWIFT_STANDARD_LIBRARIES = YES;
				BUNDLE_LOADER = "$(TEST_HOST)";
				CODE_SIGN_STYLE = Automatic;
				CURRENT_PROJECT_VERSION = 1;
				GENERATE_INFOPLIST_FILE = YES;
				IPHONEOS_DEPLOYMENT_TARGET = 17.0;
				MARKETING_VERSION = 1.0;
				PRODUCT_BUNDLE_IDENTIFIER = kristytoman.LandmarksTests;
				PRODUCT_NAME = "$(TARGET_NAME)";
				SWIFT_EMIT_LOC_STRINGS = NO;
				SWIFT_VERSION = 5.0;
				TARGETED_DEVICE_FAMILY = "1,2";
				TEST_HOST = "$(BUILT_PRODUCTS_DIR)/Landmarks.app/$(BUNDLE_EXECUTABLE_FOLDER_PATH)/Landmarks";
			};
			name = Debug;
		};
		821F32032AF81EF200A6B8AB /* Release */ = {
			isa = XCBuildConfiguration;
			buildSettings = {
				ALWAYS_EMBED_SWIFT_STANDARD_LIBRARIES = YES;
				BUNDLE_LOADER = "$(TEST_HOST)";
				CODE_SIGN_STYLE = Automatic;
				CURRENT_PROJECT_VERSION = 1;
				GENERATE_INFOPLIST_FILE = YES;
				IPHONEOS_DEPLOYMENT_TARGET = 17.0;
				MARKETING_VERSION = 1.0;
				PRODUCT_BUNDLE_IDENTIFIER = kristytoman.LandmarksTests;
				PRODUCT_NAME = "$(TARGET_NAME)";
				SWIFT_EMIT_LOC_STRINGS = NO;
				SWIFT_VERSION = 5.0;
				TARGETED_DEVICE_FAMILY = "1,2";
				TEST_HOST = "$(BUILT_PRODUCTS_DIR)/Landmarks.app/$(BUNDLE_EXECUTABLE_FOLDER_PATH)/Landmarks";
			};
			name = Release;
		};
		821F32052AF81EF200A6B8AB /* Debug */ = {
			isa = XCBuildConfiguration;
			buildSettings = {
				ALWAYS_EMBED_SWIFT_STANDARD_LIBRARIES = YES;
				CODE_SIGN_STYLE = Automatic;
				CURRENT_PROJECT_VERSION = 1;
				GENERATE_INFOPLIST_FILE = YES;
				MARKETING_VERSION = 1.0;
				PRODUCT_BUNDLE_IDENTIFIER = kristytoman.LandmarksUITests;
				PRODUCT_NAME = "$(TARGET_NAME)";
				SWIFT_EMIT_LOC_STRINGS = NO;
				SWIFT_VERSION = 5.0;
				TARGETED_DEVICE_FAMILY = "1,2";
				TEST_TARGET_NAME = Landmarks;
			};
			name = Debug;
		};
		821F32062AF81EF200A6B8AB /* Release */ = {
			isa = XCBuildConfiguration;
			buildSettings = {
				ALWAYS_EMBED_SWIFT_STANDARD_LIBRARIES = YES;
				CODE_SIGN_STYLE = Automatic;
				CURRENT_PROJECT_VERSION = 1;
				GENERATE_INFOPLIST_FILE = YES;
				MARKETING_VERSION = 1.0;
				PRODUCT_BUNDLE_IDENTIFIER = kristytoman.LandmarksUITests;
				PRODUCT_NAME = "$(TARGET_NAME)";
				SWIFT_EMIT_LOC_STRINGS = NO;
				SWIFT_VERSION = 5.0;
				TARGETED_DEVICE_FAMILY = "1,2";
				TEST_TARGET_NAME = Landmarks;
			};
			name = Release;
		};
/* End XCBuildConfiguration section */

/* Begin XCConfigurationList section */
		821F31D52AF81EF100A6B8AB /* Build configuration list for PBXProject "Landmarks" */ = {
			isa = XCConfigurationList;
			buildConfigurations = (
				821F31FC2AF81EF200A6B8AB /* Debug */,
				821F31FD2AF81EF200A6B8AB /* Release */,
			);
			defaultConfigurationIsVisible = 0;
			defaultConfigurationName = Release;
		};
		821F31FE2AF81EF200A6B8AB /* Build configuration list for PBXNativeTarget "Landmarks" */ = {
			isa = XCConfigurationList;
			buildConfigurations = (
				821F31FF2AF81EF200A6B8AB /* Debug */,
				821F32002AF81EF200A6B8AB /* Release */,
			);
			defaultConfigurationIsVisible = 0;
			defaultConfigurationName = Release;
		};
		821F32012AF81EF200A6B8AB /* Build configuration list for PBXNativeTarget "LandmarksTests" */ = {
			isa = XCConfigurationList;
			buildConfigurations = (
				821F32022AF81EF200A6B8AB /* Debug */,
				821F32032AF81EF200A6B8AB /* Release */,
			);
			defaultConfigurationIsVisible = 0;
			defaultConfigurationName = Release;
		};
		821F32042AF81EF200A6B8AB /* Build configuration list for PBXNativeTarget "LandmarksUITests" */ = {
			isa = XCConfigurationList;
			buildConfigurations = (
				821F32052AF81EF200A6B8AB /* Debug */,
				821F32062AF81EF200A6B8AB /* Release */,
			);
			defaultConfigurationIsVisible = 0;
			defaultConfigurationName = Release;
		};
/* End XCConfigurationList section */
	};
	rootObject = 821F31D22AF81EF100A6B8AB /* Project object */;
}
